// !$*UTF8*$!
{
	archiveVersion = 1;
	classes = {
	};
	objectVersion = 46;
	objects = {

/* Begin PBXBuildFile section */
		9FCC17941A015E3800D1F5F8 /* main.m in Sources */ = {isa = PBXBuildFile; fileRef = 9FCC17931A015E3800D1F5F8 /* main.m */; };
		9FCC17971A015E3800D1F5F8 /* AppDelegate.m in Sources */ = {isa = PBXBuildFile; fileRef = 9FCC17961A015E3800D1F5F8 /* AppDelegate.m */; };
		9FCC179A1A015E3800D1F5F8 /* ViewController.m in Sources */ = {isa = PBXBuildFile; fileRef = 9FCC17991A015E3800D1F5F8 /* ViewController.m */; };
		9FCC179D1A015E3800D1F5F8 /* Main.storyboard in Resources */ = {isa = PBXBuildFile; fileRef = 9FCC179B1A015E3800D1F5F8 /* Main.storyboard */; };
		9FCC179F1A015E3800D1F5F8 /* Images.xcassets in Resources */ = {isa = PBXBuildFile; fileRef = 9FCC179E1A015E3800D1F5F8 /* Images.xcassets */; };
		9FCC17A21A015E3800D1F5F8 /* LaunchScreen.xib in Resources */ = {isa = PBXBuildFile; fileRef = 9FCC17A01A015E3800D1F5F8 /* LaunchScreen.xib */; };
		9FCC17AE1A015E3800D1F5F8 /* MeetupShareExtensionPart1Tests.m in Sources */ = {isa = PBXBuildFile; fileRef = 9FCC17AD1A015E3800D1F5F8 /* MeetupShareExtensionPart1Tests.m */; };
/* End PBXBuildFile section */

/* Begin PBXContainerItemProxy section */
		9FCC17A81A015E3800D1F5F8 /* PBXContainerItemProxy */ = {
			isa = PBXContainerItemProxy;
			containerPortal = 9FCC17861A015E3800D1F5F8 /* Project object */;
			proxyType = 1;
			remoteGlobalIDString = 9FCC178D1A015E3800D1F5F8;
			remoteInfo = MeetupShareExtensionPart1;
		};
/* End PBXContainerItemProxy section */

/* Begin PBXFileReference section */
		9FCC178E1A015E3800D1F5F8 /* MeetupShareExtensionPart1.app */ = {isa = PBXFileReference; explicitFileType = wrapper.application; includeInIndex = 0; path = MeetupShareExtensionPart1.app; sourceTree = BUILT_PRODUCTS_DIR; };
		9FCC17921A015E3800D1F5F8 /* Info.plist */ = {isa = PBXFileReference; lastKnownFileType = text.plist.xml; path = Info.plist; sourceTree = "<group>"; };
		9FCC17931A015E3800D1F5F8 /* main.m */ = {isa = PBXFileReference; lastKnownFileType = sourcecode.c.objc; path = main.m; sourceTree = "<group>"; };
		9FCC17951A015E3800D1F5F8 /* AppDelegate.h */ = {isa = PBXFileReference; lastKnownFileType = sourcecode.c.h; path = AppDelegate.h; sourceTree = "<group>"; };
		9FCC17961A015E3800D1F5F8 /* AppDelegate.m */ = {isa = PBXFileReference; lastKnownFileType = sourcecode.c.objc; path = AppDelegate.m; sourceTree = "<group>"; };
		9FCC17981A015E3800D1F5F8 /* ViewController.h */ = {isa = PBXFileReference; lastKnownFileType = sourcecode.c.h; path = ViewController.h; sourceTree = "<group>"; };
		9FCC17991A015E3800D1F5F8 /* ViewController.m */ = {isa = PBXFileReference; lastKnownFileType = sourcecode.c.objc; path = ViewController.m; sourceTree = "<group>"; };
		9FCC179C1A015E3800D1F5F8 /* Base */ = {isa = PBXFileReference; lastKnownFileType = file.storyboard; name = Base; path = Base.lproj/Main.storyboard; sourceTree = "<group>"; };
		9FCC179E1A015E3800D1F5F8 /* Images.xcassets */ = {isa = PBXFileReference; lastKnownFileType = folder.assetcatalog; path = Images.xcassets; sourceTree = "<group>"; };
		9FCC17A11A015E3800D1F5F8 /* Base */ = {isa = PBXFileReference; lastKnownFileType = file.xib; name = Base; path = Base.lproj/LaunchScreen.xib; sourceTree = "<group>"; };
		9FCC17A71A015E3800D1F5F8 /* MeetupShareExtensionPart1Tests.xctest */ = {isa = PBXFileReference; explicitFileType = wrapper.cfbundle; includeInIndex = 0; path = MeetupShareExtensionPart1Tests.xctest; sourceTree = BUILT_PRODUCTS_DIR; };
		9FCC17AC1A015E3800D1F5F8 /* Info.plist */ = {isa = PBXFileReference; lastKnownFileType = text.plist.xml; path = Info.plist; sourceTree = "<group>"; };
		9FCC17AD1A015E3800D1F5F8 /* MeetupShareExtensionPart1Tests.m */ = {isa = PBXFileReference; lastKnownFileType = sourcecode.c.objc; path = MeetupShareExtensionPart1Tests.m; sourceTree = "<group>"; };
/* End PBXFileReference section */

/* Begin PBXFrameworksBuildPhase section */
		9FCC178B1A015E3800D1F5F8 /* Frameworks */ = {
			isa = PBXFrameworksBuildPhase;
			buildActionMask = 2147483647;
			files = (
			);
			runOnlyForDeploymentPostprocessing = 0;
		};
		9FCC17A41A015E3800D1F5F8 /* Frameworks */ = {
			isa = PBXFrameworksBuildPhase;
			buildActionMask = 2147483647;
			files = (
			);
			runOnlyForDeploymentPostprocessing = 0;
		};
/* End PBXFrameworksBuildPhase section */

/* Begin PBXGroup section */
		9FCC17851A015E3800D1F5F8 = {
			isa = PBXGroup;
			children = (
				9FCC17901A015E3800D1F5F8 /* MeetupShareExtensionPart1 */,
				9FCC17AA1A015E3800D1F5F8 /* MeetupShareExtensionPart1Tests */,
				9FCC178F1A015E3800D1F5F8 /* Products */,
			);
			sourceTree = "<group>";
		};
		9FCC178F1A015E3800D1F5F8 /* Products */ = {
			isa = PBXGroup;
			children = (
				9FCC178E1A015E3800D1F5F8 /* MeetupShareExtensionPart1.app */,
				9FCC17A71A015E3800D1F5F8 /* MeetupShareExtensionPart1Tests.xctest */,
			);
			name = Products;
			sourceTree = "<group>";
		};
		9FCC17901A015E3800D1F5F8 /* MeetupShareExtensionPart1 */ = {
			isa = PBXGroup;
			children = (
				9FCC17951A015E3800D1F5F8 /* AppDelegate.h */,
				9FCC17961A015E3800D1F5F8 /* AppDelegate.m */,
				9FCC17981A015E3800D1F5F8 /* ViewController.h */,
				9FCC17991A015E3800D1F5F8 /* ViewController.m */,
				9FCC179B1A015E3800D1F5F8 /* Main.storyboard */,
				9FCC179E1A015E3800D1F5F8 /* Images.xcassets */,
				9FCC17A01A015E3800D1F5F8 /* LaunchScreen.xib */,
				9FCC17911A015E3800D1F5F8 /* Supporting Files */,
			);
			path = MeetupShareExtensionPart1;
			sourceTree = "<group>";
		};
		9FCC17911A015E3800D1F5F8 /* Supporting Files */ = {
			isa = PBXGroup;
			children = (
				9FCC17921A015E3800D1F5F8 /* Info.plist */,
				9FCC17931A015E3800D1F5F8 /* main.m */,
			);
			name = "Supporting Files";
			sourceTree = "<group>";
		};
		9FCC17AA1A015E3800D1F5F8 /* MeetupShareExtensionPart1Tests */ = {
			isa = PBXGroup;
			children = (
				9FCC17AD1A015E3800D1F5F8 /* MeetupShareExtensionPart1Tests.m */,
				9FCC17AB1A015E3800D1F5F8 /* Supporting Files */,
			);
			path = MeetupShareExtensionPart1Tests;
			sourceTree = "<group>";
		};
		9FCC17AB1A015E3800D1F5F8 /* Supporting Files */ = {
			isa = PBXGroup;
			children = (
				9FCC17AC1A015E3800D1F5F8 /* Info.plist */,
			);
			name = "Supporting Files";
			sourceTree = "<group>";
		};
/* End PBXGroup section */

/* Begin PBXNativeTarget section */
		9FCC178D1A015E3800D1F5F8 /* MeetupShareExtensionPart1 */ = {
			isa = PBXNativeTarget;
			buildConfigurationList = 9FCC17B11A015E3800D1F5F8 /* Build configuration list for PBXNativeTarget "MeetupShareExtensionPart1" */;
			buildPhases = (
				9FCC178A1A015E3800D1F5F8 /* Sources */,
				9FCC178B1A015E3800D1F5F8 /* Frameworks */,
				9FCC178C1A015E3800D1F5F8 /* Resources */,
			);
			buildRules = (
			);
			dependencies = (
			);
			name = MeetupShareExtensionPart1;
			productName = MeetupShareExtensionPart1;
			productReference = 9FCC178E1A015E3800D1F5F8 /* MeetupShareExtensionPart1.app */;
			productType = "com.apple.product-type.application";
		};
		9FCC17A61A015E3800D1F5F8 /* MeetupShareExtensionPart1Tests */ = {
			isa = PBXNativeTarget;
			buildConfigurationList = 9FCC17B41A015E3800D1F5F8 /* Build configuration list for PBXNativeTarget "MeetupShareExtensionPart1Tests" */;
			buildPhases = (
				9FCC17A31A015E3800D1F5F8 /* Sources */,
				9FCC17A41A015E3800D1F5F8 /* Frameworks */,
				9FCC17A51A015E3800D1F5F8 /* Resources */,
			);
			buildRules = (
			);
			dependencies = (
				9FCC17A91A015E3800D1F5F8 /* PBXTargetDependency */,
			);
			name = MeetupShareExtensionPart1Tests;
			productName = MeetupShareExtensionPart1Tests;
			productReference = 9FCC17A71A015E3800D1F5F8 /* MeetupShareExtensionPart1Tests.xctest */;
			productType = "com.apple.product-type.bundle.unit-test";
		};
/* End PBXNativeTarget section */

/* Begin PBXProject section */
		9FCC17861A015E3800D1F5F8 /* Project object */ = {
			isa = PBXProject;
			attributes = {
				LastUpgradeCheck = 0600;
				ORGANIZATIONNAME = iOSMeetup;
				TargetAttributes = {
					9FCC178D1A015E3800D1F5F8 = {
						CreatedOnToolsVersion = 6.0.1;
					};
					9FCC17A61A015E3800D1F5F8 = {
						CreatedOnToolsVersion = 6.0.1;
						TestTargetID = 9FCC178D1A015E3800D1F5F8;
					};
				};
			};
			buildConfigurationList = 9FCC17891A015E3800D1F5F8 /* Build configuration list for PBXProject "MeetupShareExtensionPart1" */;
			compatibilityVersion = "Xcode 3.2";
			developmentRegion = English;
			hasScannedForEncodings = 0;
			knownRegions = (
				en,
				Base,
			);
			mainGroup = 9FCC17851A015E3800D1F5F8;
			productRefGroup = 9FCC178F1A015E3800D1F5F8 /* Products */;
			projectDirPath = "";
			projectRoot = "";
			targets = (
				9FCC178D1A015E3800D1F5F8 /* MeetupShareExtensionPart1 */,
				9FCC17A61A015E3800D1F5F8 /* MeetupShareExtensionPart1Tests */,
			);
		};
/* End PBXProject section */

/* Begin PBXResourcesBuildPhase section */
		9FCC178C1A015E3800D1F5F8 /* Resources */ = {
			isa = PBXResourcesBuildPhase;
			buildActionMask = 2147483647;
			files = (
				9FCC179D1A015E3800D1F5F8 /* Main.storyboard in Resources */,
				9FCC17A21A015E3800D1F5F8 /* LaunchScreen.xib in Resources */,
				9FCC179F1A015E3800D1F5F8 /* Images.xcassets in Resources */,
			);
			runOnlyForDeploymentPostprocessing = 0;
		};
		9FCC17A51A015E3800D1F5F8 /* Resources */ = {
			isa = PBXResourcesBuildPhase;
			buildActionMask = 2147483647;
			files = (
			);
			runOnlyForDeploymentPostprocessing = 0;
		};
/* End PBXResourcesBuildPhase section */

/* Begin PBXSourcesBuildPhase section */
		9FCC178A1A015E3800D1F5F8 /* Sources */ = {
			isa = PBXSourcesBuildPhase;
			buildActionMask = 2147483647;
			files = (
				9FCC179A1A015E3800D1F5F8 /* ViewController.m in Sources */,
				9FCC17971A015E3800D1F5F8 /* AppDelegate.m in Sources */,
				9FCC17941A015E3800D1F5F8 /* main.m in Sources */,
			);
			runOnlyForDeploymentPostprocessing = 0;
		};
		9FCC17A31A015E3800D1F5F8 /* Sources */ = {
			isa = PBXSourcesBuildPhase;
			buildActionMask = 2147483647;
			files = (
				9FCC17AE1A015E3800D1F5F8 /* MeetupShareExtensionPart1Tests.m in Sources */,
			);
			runOnlyForDeploymentPostprocessing = 0;
		};
/* End PBXSourcesBuildPhase section */

/* Begin PBXTargetDependency section */
		9FCC17A91A015E3800D1F5F8 /* PBXTargetDependency */ = {
			isa = PBXTargetDependency;
			target = 9FCC178D1A015E3800D1F5F8 /* MeetupShareExtensionPart1 */;
			targetProxy = 9FCC17A81A015E3800D1F5F8 /* PBXContainerItemProxy */;
		};
/* End PBXTargetDependency section */

/* Begin PBXVariantGroup section */
		9FCC179B1A015E3800D1F5F8 /* Main.storyboard */ = {
			isa = PBXVariantGroup;
			children = (
				9FCC179C1A015E3800D1F5F8 /* Base */,
			);
			name = Main.storyboard;
			sourceTree = "<group>";
		};
		9FCC17A01A015E3800D1F5F8 /* LaunchScreen.xib */ = {
			isa = PBXVariantGroup;
			children = (
				9FCC17A11A015E3800D1F5F8 /* Base */,
			);
			name = LaunchScreen.xib;
			sourceTree = "<group>";
		};
/* End PBXVariantGroup section */

/* Begin XCBuildConfiguration section */
		9FCC17AF1A015E3800D1F5F8 /* Debug */ = {
			isa = XCBuildConfiguration;
			buildSettings = {
				ALWAYS_SEARCH_USER_PATHS = NO;
				CLANG_CXX_LANGUAGE_STANDARD = "gnu++0x";
				CLANG_CXX_LIBRARY = "libc++";
				CLANG_ENABLE_MODULES = YES;
				CLANG_ENABLE_OBJC_ARC = YES;
				CLANG_WARN_BOOL_CONVERSION = YES;
				CLANG_WARN_CONSTANT_CONVERSION = YES;
				CLANG_WARN_DIRECT_OBJC_ISA_USAGE = YES_ERROR;
				CLANG_WARN_EMPTY_BODY = YES;
				CLANG_WARN_ENUM_CONVERSION = YES;
				CLANG_WARN_INT_CONVERSION = YES;
				CLANG_WARN_OBJC_ROOT_CLASS = YES_ERROR;
				CLANG_WARN_UNREACHABLE_CODE = YES;
				CLANG_WARN__DUPLICATE_METHOD_MATCH = YES;
				"CODE_SIGN_IDENTITY[sdk=iphoneos*]" = "iPhone Developer";
				COPY_PHASE_STRIP = NO;
				ENABLE_STRICT_OBJC_MSGSEND = YES;
				GCC_C_LANGUAGE_STANDARD = gnu99;
				GCC_DYNAMIC_NO_PIC = NO;
				GCC_OPTIMIZATION_LEVEL = 0;
				GCC_PREPROCESSOR_DEFINITIONS = (
					"DEBUG=1",
					"$(inherited)",
				);
				GCC_SYMBOLS_PRIVATE_EXTERN = NO;
				GCC_WARN_64_TO_32_BIT_CONVERSION = YES;
				GCC_WARN_ABOUT_RETURN_TYPE = YES_ERROR;
				GCC_WARN_UNDECLARED_SELECTOR = YES;
				GCC_WARN_UNINITIALIZED_AUTOS = YES_AGGRESSIVE;
				GCC_WARN_UNUSED_FUNCTION = YES;
				GCC_WARN_UNUSED_VARIABLE = YES;
				IPHONEOS_DEPLOYMENT_TARGET = 8.0;
				MTL_ENABLE_DEBUG_INFO = YES;
				ONLY_ACTIVE_ARCH = YES;
				SDKROOT = iphoneos;
			};
			name = Debug;
		};
		9FCC17B01A015E3800D1F5F8 /* Release */ = {
			isa = XCBuildConfiguration;
			buildSettings = {
				ALWAYS_SEARCH_USER_PATHS = NO;
				CLANG_CXX_LANGUAGE_STANDARD = "gnu++0x";
				CLANG_CXX_LIBRARY = "libc++";
				CLANG_ENABLE_MODULES = YES;
				CLANG_ENABLE_OBJC_ARC = YES;
				CLANG_WARN_BOOL_CONVERSION = YES;
				CLANG_WARN_CONSTANT_CONVERSION = YES;
				CLANG_WARN_DIRECT_OBJC_ISA_USAGE = YES_ERROR;
				CLANG_WARN_EMPTY_BODY = YES;
				CLANG_WARN_ENUM_CONVERSION = YES;
				CLANG_WARN_INT_CONVERSION = YES;
				CLANG_WARN_OBJC_ROOT_CLASS = YES_ERROR;
				CLANG_WARN_UNREACHABLE_CODE = YES;
				CLANG_WARN__DUPLICATE_METHOD_MATCH = YES;
				"CODE_SIGN_IDENTITY[sdk=iphoneos*]" = "iPhone Developer";
				COPY_PHASE_STRIP = YES;
				ENABLE_NS_ASSERTIONS = NO;
				ENABLE_STRICT_OBJC_MSGSEND = YES;
				GCC_C_LANGUAGE_STANDARD = gnu99;
				GCC_WARN_64_TO_32_BIT_CONVERSION = YES;
				GCC_WARN_ABOUT_RETURN_TYPE = YES_ERROR;
				GCC_WARN_UNDECLARED_SELECTOR = YES;
				GCC_WARN_UNINITIALIZED_AUTOS = YES_AGGRESSIVE;
				GCC_WARN_UNUSED_FUNCTION = YES;
				GCC_WARN_UNUSED_VARIABLE = YES;
				IPHONEOS_DEPLOYMENT_TARGET = 8.0;
				MTL_ENABLE_DEBUG_INFO = NO;
				SDKROOT = iphoneos;
				VALIDATE_PRODUCT = YES;
			};
			name = Release;
		};
		9FCC17B21A015E3800D1F5F8 /* Debug */ = {
			isa = XCBuildConfiguration;
			buildSettings = {
				ASSETCATALOG_COMPILER_APPICON_NAME = AppIcon;
				INFOPLIST_FILE = MeetupShareExtensionPart1/Info.plist;
				LD_RUNPATH_SEARCH_PATHS = "$(inherited) @executable_path/Frameworks";
				PRODUCT_NAME = "$(TARGET_NAME)";
			};
			name = Debug;
		};
		9FCC17B31A015E3800D1F5F8 /* Release */ = {
			isa = XCBuildConfiguration;
			buildSettings = {
				ASSETCATALOG_COMPILER_APPICON_NAME = AppIcon;
				INFOPLIST_FILE = MeetupShareExtensionPart1/Info.plist;
				LD_RUNPATH_SEARCH_PATHS = "$(inherited) @executable_path/Frameworks";
				PRODUCT_NAME = "$(TARGET_NAME)";
			};
			name = Release;
		};
		9FCC17B51A015E3800D1F5F8 /* Debug */ = {
			isa = XCBuildConfiguration;
			buildSettings = {
				BUNDLE_LOADER = "$(TEST_HOST)";
				FRAMEWORK_SEARCH_PATHS = (
					"$(SDKROOT)/Developer/Library/Frameworks",
					"$(inherited)",
				);
				GCC_PREPROCESSOR_DEFINITIONS = (
					"DEBUG=1",
					"$(inherited)",
				);
				INFOPLIST_FILE = MeetupShareExtensionPart1Tests/Info.plist;
				LD_RUNPATH_SEARCH_PATHS = "$(inherited) @executable_path/Frameworks @loader_path/Frameworks";
				PRODUCT_NAME = "$(TARGET_NAME)";
				TEST_HOST = "$(BUILT_PRODUCTS_DIR)/MeetupShareExtensionPart1.app/MeetupShareExtensionPart1";
			};
			name = Debug;
		};
		9FCC17B61A015E3800D1F5F8 /* Release */ = {
			isa = XCBuildConfiguration;
			buildSettings = {
				BUNDLE_LOADER = "$(TEST_HOST)";
				FRAMEWORK_SEARCH_PATHS = (
					"$(SDKROOT)/Developer/Library/Frameworks",
					"$(inherited)",
				);
				INFOPLIST_FILE = MeetupShareExtensionPart1Tests/Info.plist;
				LD_RUNPATH_SEARCH_PATHS = "$(inherited) @executable_path/Frameworks @loader_path/Frameworks";
				PRODUCT_NAME = "$(TARGET_NAME)";
				TEST_HOST = "$(BUILT_PRODUCTS_DIR)/MeetupShareExtensionPart1.app/MeetupShareExtensionPart1";
			};
			name = Release;
		};
/* End XCBuildConfiguration section */

/* Begin XCConfigurationList section */
		9FCC17891A015E3800D1F5F8 /* Build configuration list for PBXProject "MeetupShareExtensionPart1" */ = {
			isa = XCConfigurationList;
			buildConfigurations = (
				9FCC17AF1A015E3800D1F5F8 /* Debug */,
				9FCC17B01A015E3800D1F5F8 /* Release */,
			);
			defaultConfigurationIsVisible = 0;
			defaultConfigurationName = Release;
		};
		9FCC17B11A015E3800D1F5F8 /* Build configuration list for PBXNativeTarget "MeetupShareExtensionPart1" */ = {
			isa = XCConfigurationList;
			buildConfigurations = (
				9FCC17B21A015E3800D1F5F8 /* Debug */,
				9FCC17B31A015E3800D1F5F8 /* Release */,
			);
			defaultConfigurationIsVisible = 0;
		};
		9FCC17B41A015E3800D1F5F8 /* Build configuration list for PBXNativeTarget "MeetupShareExtensionPart1Tests" */ = {
			isa = XCConfigurationList;
			buildConfigurations = (
				9FCC17B51A015E3800D1F5F8 /* Debug */,
				9FCC17B61A015E3800D1F5F8 /* Release */,
			);
			defaultConfigurationIsVisible = 0;
		};
/* End XCConfigurationList section */
	};
	rootObject = 9FCC17861A015E3800D1F5F8 /* Project object */;
}
